<?xml version="1.0" encoding="UTF-8"?>
<Scheme
   LastUpgradeVersion = "1250"
   version = "1.3">
   <BuildAction
      parallelizeBuildables = "YES"
      buildImplicitDependencies = "YES">
      <BuildActionEntries>
         <BuildActionEntry
            buildForTesting = "YES"
            buildForRunning = "YES"
            buildForProfiling = "YES"
            buildForArchiving = "YES"
            buildForAnalyzing = "YES">
            <BuildableReference
               BuildableIdentifier = "primary"
               BlueprintIdentifier = "949AFFAE268C9DA600BAEF94"
               BuildableName = "Favourite Check Ins for Service NSW.app"
               BlueprintName = "Favourite Check Ins for Service NSW"
               ReferencedContainer = "container:Favourite Check Ins for Service NSW.xcodeproj">
            </BuildableReference>
         </BuildActionEntry>
      </BuildActionEntries>
   </BuildAction>
   <TestAction
      buildConfiguration = "Debug"
      selectedDebuggerIdentifier = "Xcode.DebuggerFoundation.Debugger.LLDB"
      selectedLauncherIdentifier = "Xcode.DebuggerFoundation.Launcher.LLDB"
      shouldUseLaunchSchemeArgsEnv = "YES">
      <Testables>
         <TestableReference
            skipped = "NO">
            <BuildableReference
               BuildableIdentifier = "primary"
               BlueprintIdentifier = "949AFFC4268C9DA800BAEF94"
               BuildableName = "Favourite Check Ins for Service NSWTests.xctest"
               BlueprintName = "Favourite Check Ins for Service NSWTests"
               ReferencedContainer = "container:Favourite Check Ins for Service NSW.xcodeproj">
            </BuildableReference>
         </TestableReference>
         <TestableReference
            skipped = "NO">
            <BuildableReference
               BuildableIdentifier = "primary"
               BlueprintIdentifier = "949AFFCF268C9DA800BAEF94"
               BuildableName = "Favourite Check Ins for Service NSWUITests.xctest"
               BlueprintName = "Favourite Check Ins for Service NSWUITests"
               ReferencedContainer = "container:Favourite Check Ins for Service NSW.xcodeproj">
            </BuildableReference>
         </TestableReference>
      </Testables>
   </TestAction>
   <LaunchAction
      buildConfiguration = "Debug"
      selectedDebuggerIdentifier = "Xcode.DebuggerFoundation.Debugger.LLDB"
      selectedLauncherIdentifier = "Xcode.DebuggerFoundation.Launcher.LLDB"
      launchStyle = "0"
      useCustomWorkingDirectory = "NO"
      ignoresPersistentStateOnLaunch = "NO"
      debugDocumentVersioning = "YES"
      debugServiceExtension = "internal"
      allowLocationSimulation = "YES">
      <BuildableProductRunnable
         runnableDebuggingMode = "0">
         <BuildableReference
            BuildableIdentifier = "primary"
            BlueprintIdentifier = "949AFFAE268C9DA600BAEF94"
            BuildableName = "Favourite Check Ins for Service NSW.app"
            BlueprintName = "Favourite Check Ins for Service NSW"
            ReferencedContainer = "container:Favourite Check Ins for Service NSW.xcodeproj">
         </BuildableReference>
      </BuildableProductRunnable>
   </LaunchAction>
   <ProfileAction
      buildConfiguration = "Release"
      shouldUseLaunchSchemeArgsEnv = "YES"
      savedToolIdentifier = ""
      useCustomWorkingDirectory = "NO"
      debugDocumentVersioning = "YES">
      <BuildableProductRunnable
         runnableDebuggingMode = "0">
         <BuildableReference
            BuildableIdentifier = "primary"
            BlueprintIdentifier = "949AFFAE268C9DA600BAEF94"
            BuildableName = "Favourite Check Ins for Service NSW.app"
            BlueprintName = "Favourite Check Ins for Service NSW"
            ReferencedContainer = "container:Favourite Check Ins for Service NSW.xcodeproj">
         </BuildableReference>
      </BuildableProductRunnable>
   </ProfileAction>
   <AnalyzeAction
      buildConfiguration = "Debug">
   </AnalyzeAction>
   <ArchiveAction
      buildConfiguration = "Release"
      revealArchiveInOrganizer = "YES">
   </ArchiveAction>
</Scheme>
